
Microsoft Visual Studio Solution File, Format Version 12.00
# Visual Studio Version 17
VisualStudioVersion = 17.9.34723.18
MinimumVisualStudioVersion = 10.0.40219.1
Project("{9A19103F-16F7-4668-BE54-9A1E7A4F7556}") = "CallAdminSystem", "CallAdminSystem.csproj", "{5FE095D8-4AE3-403D-9C3B-B3A9BC911590}"
EndProject
Global
	GlobalSection(SolutionConfigurationPlatforms) = preSolution
		Debug|Any CPU = Debug|Any CPU
		Release|Any CPU = Release|Any CPU
	EndGlobalSection
	GlobalSection(ProjectConfigurationPlatforms) = postSolution
		{5FE095D8-4AE3-403D-9C3B-B3A9BC911590}.Debug|Any CPU.ActiveCfg = Debug|Any CPU
		{5FE095D8-4AE3-403D-9C3B-B3A9BC911590}.Debug|Any CPU.Build.0 = Debug|Any CPU
		{5FE095D8-4AE3-403D-9C3B-B3A9BC911590}.Release|Any CPU.ActiveCfg = Release|Any CPU
		{5FE095D8-4AE3-403D-9C3B-B3A9BC911590}.Release|Any CPU.Build.0 = Release|Any CPU
	EndGlobalSection
	GlobalSection(SolutionProperties) = preSolution
		HideSolutionNode = FALSE
	EndGlobalSection
	GlobalSection(ExtensibilityGlobals) = postSolution
		SolutionGuid = {5F2EA789-F68C-4E28-987F-2C8CE5906743}
	EndGlobalSection
EndGlobal
